
Microsoft Visual Studio Solution File, Format Version 12.00
# Visual Studio Version 16
VisualStudioVersion = 16.0.29613.14
MinimumVisualStudioVersion = 10.0.40219.1
Project("{FAE04EC0-301F-11D3-BF4B-00C04F79EFBC}") = "WPFExam1", "WPFExam1\WPFExam1.csproj", "{2D7A7F5D-D80B-447F-A863-3F05B0488619}"
EndProject
Global
	GlobalSection(SolutionConfigurationPlatforms) = preSolution
		Debug|Any CPU = Debug|Any CPU
		Release|Any CPU = Release|Any CPU
	EndGlobalSection
	GlobalSection(ProjectConfigurationPlatforms) = postSolution
		{2D7A7F5D-D80B-447F-A863-3F05B0488619}.Debug|Any CPU.ActiveCfg = Debug|Any CPU
		{2D7A7F5D-D80B-447F-A863-3F05B0488619}.Debug|Any CPU.Build.0 = Debug|Any CPU
		{2D7A7F5D-D80B-447F-A863-3F05B0488619}.Release|Any CPU.ActiveCfg = Release|Any CPU
		{2D7A7F5D-D80B-447F-A863-3F05B0488619}.Release|Any CPU.Build.0 = Release|Any CPU
	EndGlobalSection
	GlobalSection(SolutionProperties) = preSolution
		HideSolutionNode = FALSE
	EndGlobalSection
	GlobalSection(ExtensibilityGlobals) = postSolution
		SolutionGuid = {0A9EBBEC-FF78-4967-917F-47157467EC68}
	EndGlobalSection
EndGlobal
